
Microsoft Visual Studio Solution File, Format Version 12.00
# Visual Studio Version 17
VisualStudioVersion = 17.2.32630.192
MinimumVisualStudioVersion = 10.0.40219.1
Project("{9A19103F-16F7-4668-BE54-9A1E7A4F7556}") = "D8S.L0018", "D8S.L0018\D8S.L0018.csproj", "{C6B8EACF-63E2-47F5-96B8-B2B12C92DF44}"
EndProject
Project("{9A19103F-16F7-4668-BE54-9A1E7A4F7556}") = "D8S.L0018.F000", "D8S.L0018.F000\D8S.L0018.F000.csproj", "{9832E6D2-1C86-4049-974C-7F26CF287766}"
EndProject
Project("{2150E333-8FDC-42A3-9474-1A3956D46DE8}") = "_Dependencies", "_Dependencies", "{8DAEC090-FEB6-4DDE-85FB-FFF70E1CD9DA}"
EndProject
Project("{9A19103F-16F7-4668-BE54-9A1E7A4F7556}") = "D8S.L0016.F000", "..\..\D8S.L0016\source\D8S.L0016.F000\D8S.L0016.F000.csproj", "{153A54A2-D4C1-40E0-AFF3-CF89ECF85578}"
EndProject
Project("{9A19103F-16F7-4668-BE54-9A1E7A4F7556}") = "D8S.L0017.F000", "..\..\D8S.L0017\source\D8S.L0017.F000\D8S.L0017.F000.csproj", "{97704EB2-9DD3-415C-A99B-FC076386537B}"
EndProject
Project("{9A19103F-16F7-4668-BE54-9A1E7A4F7556}") = "D8S.Y0002.Y000", "..\..\D8S.Y0002\source\D8S.Y0002.Y000\D8S.Y0002.Y000.csproj", "{E3086702-F9A9-40D7-9AA8-37A14BB4DD1A}"
EndProject
Project("{9A19103F-16F7-4668-BE54-9A1E7A4F7556}") = "R5T.T0132", "..\..\..\SafetyCone\R5T.T0132\source\R5T.T0132\R5T.T0132.csproj", "{7066BF74-1BDB-4FB7-8DEE-2881C336E35E}"
EndProject
Project("{9A19103F-16F7-4668-BE54-9A1E7A4F7556}") = "R5T.T0143", "..\..\..\SafetyCone\R5T.T0143\source\R5T.T0143\R5T.T0143.csproj", "{CE742425-6CDA-4BF6-AC6E-2129FC84007E}"
EndProject
Project("{9A19103F-16F7-4668-BE54-9A1E7A4F7556}") = "R5T.T0156", "..\..\..\SafetyCone\R5T.T0156\source\R5T.T0156\R5T.T0156.csproj", "{ED0F86BC-515B-4C0E-A2F6-A3249DF1E621}"
EndProject
Global
	GlobalSection(NestedProjects) = preSolution
		{153A54A2-D4C1-40E0-AFF3-CF89ECF85578} = {8DAEC090-FEB6-4DDE-85FB-FFF70E1CD9DA}
		{97704EB2-9DD3-415C-A99B-FC076386537B} = {8DAEC090-FEB6-4DDE-85FB-FFF70E1CD9DA}
		{E3086702-F9A9-40D7-9AA8-37A14BB4DD1A} = {8DAEC090-FEB6-4DDE-85FB-FFF70E1CD9DA}
		{7066BF74-1BDB-4FB7-8DEE-2881C336E35E} = {8DAEC090-FEB6-4DDE-85FB-FFF70E1CD9DA}
		{CE742425-6CDA-4BF6-AC6E-2129FC84007E} = {8DAEC090-FEB6-4DDE-85FB-FFF70E1CD9DA}
		{ED0F86BC-515B-4C0E-A2F6-A3249DF1E621} = {8DAEC090-FEB6-4DDE-85FB-FFF70E1CD9DA}
	EndGlobalSection
	GlobalSection(SolutionConfigurationPlatforms) = preSolution
		Debug|Any CPU = Debug|Any CPU
		Release|Any CPU = Release|Any CPU
	EndGlobalSection
	GlobalSection(ProjectConfigurationPlatforms) = postSolution
		{C6B8EACF-63E2-47F5-96B8-B2B12C92DF44}.Debug|Any CPU.ActiveCfg = Debug|Any CPU
		{C6B8EACF-63E2-47F5-96B8-B2B12C92DF44}.Debug|Any CPU.Build.0 = Debug|Any CPU
		{C6B8EACF-63E2-47F5-96B8-B2B12C92DF44}.Release|Any CPU.ActiveCfg = Release|Any CPU
		{C6B8EACF-63E2-47F5-96B8-B2B12C92DF44}.Release|Any CPU.Build.0 = Release|Any CPU
		{9832E6D2-1C86-4049-974C-7F26CF287766}.Debug|Any CPU.ActiveCfg = Debug|Any CPU
		{9832E6D2-1C86-4049-974C-7F26CF287766}.Debug|Any CPU.Build.0 = Debug|Any CPU
		{9832E6D2-1C86-4049-974C-7F26CF287766}.Release|Any CPU.ActiveCfg = Release|Any CPU
		{9832E6D2-1C86-4049-974C-7F26CF287766}.Release|Any CPU.Build.0 = Release|Any CPU
		{153A54A2-D4C1-40E0-AFF3-CF89ECF85578}.Debug|Any CPU.ActiveCfg = Debug|Any CPU
		{153A54A2-D4C1-40E0-AFF3-CF89ECF85578}.Debug|Any CPU.Build.0 = Debug|Any CPU
		{153A54A2-D4C1-40E0-AFF3-CF89ECF85578}.Release|Any CPU.ActiveCfg = Release|Any CPU
		{153A54A2-D4C1-40E0-AFF3-CF89ECF85578}.Release|Any CPU.Build.0 = Release|Any CPU
		{97704EB2-9DD3-415C-A99B-FC076386537B}.Debug|Any CPU.ActiveCfg = Debug|Any CPU
		{97704EB2-9DD3-415C-A99B-FC076386537B}.Debug|Any CPU.Build.0 = Debug|Any CPU
		{97704EB2-9DD3-415C-A99B-FC076386537B}.Release|Any CPU.ActiveCfg = Release|Any CPU
		{97704EB2-9DD3-415C-A99B-FC076386537B}.Release|Any CPU.Build.0 = Release|Any CPU
		{E3086702-F9A9-40D7-9AA8-37A14BB4DD1A}.Debug|Any CPU.ActiveCfg = Debug|Any CPU
		{E3086702-F9A9-40D7-9AA8-37A14BB4DD1A}.Debug|Any CPU.Build.0 = Debug|Any CPU
		{E3086702-F9A9-40D7-9AA8-37A14BB4DD1A}.Release|Any CPU.ActiveCfg = Release|Any CPU
		{E3086702-F9A9-40D7-9AA8-37A14BB4DD1A}.Release|Any CPU.Build.0 = Release|Any CPU
		{7066BF74-1BDB-4FB7-8DEE-2881C336E35E}.Debug|Any CPU.ActiveCfg = Debug|Any CPU
		{7066BF74-1BDB-4FB7-8DEE-2881C336E35E}.Debug|Any CPU.Build.0 = Debug|Any CPU
		{7066BF74-1BDB-4FB7-8DEE-2881C336E35E}.Release|Any CPU.ActiveCfg = Release|Any CPU
		{7066BF74-1BDB-4FB7-8DEE-2881C336E35E}.Release|Any CPU.Build.0 = Release|Any CPU
		{CE742425-6CDA-4BF6-AC6E-2129FC84007E}.Debug|Any CPU.ActiveCfg = Debug|Any CPU
		{CE742425-6CDA-4BF6-AC6E-2129FC84007E}.Debug|Any CPU.Build.0 = Debug|Any CPU
		{CE742425-6CDA-4BF6-AC6E-2129FC84007E}.Release|Any CPU.ActiveCfg = Release|Any CPU
		{CE742425-6CDA-4BF6-AC6E-2129FC84007E}.Release|Any CPU.Build.0 = Release|Any CPU
		{ED0F86BC-515B-4C0E-A2F6-A3249DF1E621}.Debug|Any CPU.ActiveCfg = Debug|Any CPU
		{ED0F86BC-515B-4C0E-A2F6-A3249DF1E621}.Debug|Any CPU.Build.0 = Debug|Any CPU
		{ED0F86BC-515B-4C0E-A2F6-A3249DF1E621}.Release|Any CPU.ActiveCfg = Release|Any CPU
		{ED0F86BC-515B-4C0E-A2F6-A3249DF1E621}.Release|Any CPU.Build.0 = Release|Any CPU
	EndGlobalSection
	GlobalSection(SolutionProperties) = preSolution
		HideSolutionNode = FALSE
	EndGlobalSection
	GlobalSection(ExtensibilityGlobals) = postSolution
		SolutionGuid = {C603447E-B5CA-42AC-AB67-2EAB82E23A3C}
	EndGlobalSection
EndGlobal
